
Microsoft Visual Studio Solution File, Format Version 12.00
# Visual Studio Version 17
VisualStudioVersion = 17.1.32319.34
MinimumVisualStudioVersion = 10.0.40219.1
Project("{FAE04EC0-301F-11D3-BF4B-00C04F79EFBC}") = "SchoolApp.UI", "SchoolApp.UI\SchoolApp.UI.csproj", "{E614B8D2-43C1-483C-BDC3-F8978A7E814B}"
EndProject
Project("{FAE04EC0-301F-11D3-BF4B-00C04F79EFBC}") = "SchoolApp.FacadeLayer", "SchoolApp.FacadeLayer\SchoolApp.FacadeLayer.csproj", "{ADF6FFF1-149A-430A-B3DA-4B51EFFCCDD3}"
EndProject
Project("{FAE04EC0-301F-11D3-BF4B-00C04F79EFBC}") = "SchoolApp.BusinessLayer", "SchoolApp.BusinessLayer\SchoolApp.BusinessLayer.csproj", "{77D69685-D097-4B74-893C-58B6B9EA13F9}"
EndProject
Project("{FAE04EC0-301F-11D3-BF4B-00C04F79EFBC}") = "SchoolApp.EntityLayer", "SchoolApp.EntityLayer\SchoolApp.EntityLayer.csproj", "{AFBCFACD-AFB6-4789-9D7C-FF06A0291A61}"
EndProject
Global
	GlobalSection(SolutionConfigurationPlatforms) = preSolution
		Debug|Any CPU = Debug|Any CPU
		Release|Any CPU = Release|Any CPU
	EndGlobalSection
	GlobalSection(ProjectConfigurationPlatforms) = postSolution
		{E614B8D2-43C1-483C-BDC3-F8978A7E814B}.Debug|Any CPU.ActiveCfg = Debug|Any CPU
		{E614B8D2-43C1-483C-BDC3-F8978A7E814B}.Debug|Any CPU.Build.0 = Debug|Any CPU
		{E614B8D2-43C1-483C-BDC3-F8978A7E814B}.Release|Any CPU.ActiveCfg = Release|Any CPU
		{E614B8D2-43C1-483C-BDC3-F8978A7E814B}.Release|Any CPU.Build.0 = Release|Any CPU
		{ADF6FFF1-149A-430A-B3DA-4B51EFFCCDD3}.Debug|Any CPU.ActiveCfg = Debug|Any CPU
		{ADF6FFF1-149A-430A-B3DA-4B51EFFCCDD3}.Debug|Any CPU.Build.0 = Debug|Any CPU
		{ADF6FFF1-149A-430A-B3DA-4B51EFFCCDD3}.Release|Any CPU.ActiveCfg = Release|Any CPU
		{ADF6FFF1-149A-430A-B3DA-4B51EFFCCDD3}.Release|Any CPU.Build.0 = Release|Any CPU
		{77D69685-D097-4B74-893C-58B6B9EA13F9}.Debug|Any CPU.ActiveCfg = Debug|Any CPU
		{77D69685-D097-4B74-893C-58B6B9EA13F9}.Debug|Any CPU.Build.0 = Debug|Any CPU
		{77D69685-D097-4B74-893C-58B6B9EA13F9}.Release|Any CPU.ActiveCfg = Release|Any CPU
		{77D69685-D097-4B74-893C-58B6B9EA13F9}.Release|Any CPU.Build.0 = Release|Any CPU
		{AFBCFACD-AFB6-4789-9D7C-FF06A0291A61}.Debug|Any CPU.ActiveCfg = Debug|Any CPU
		{AFBCFACD-AFB6-4789-9D7C-FF06A0291A61}.Debug|Any CPU.Build.0 = Debug|Any CPU
		{AFBCFACD-AFB6-4789-9D7C-FF06A0291A61}.Release|Any CPU.ActiveCfg = Release|Any CPU
		{AFBCFACD-AFB6-4789-9D7C-FF06A0291A61}.Release|Any CPU.Build.0 = Release|Any CPU
	EndGlobalSection
	GlobalSection(SolutionProperties) = preSolution
		HideSolutionNode = FALSE
	EndGlobalSection
	GlobalSection(ExtensibilityGlobals) = postSolution
		SolutionGuid = {ED71182D-A67A-4944-B29D-B1E9E197D8D8}
	EndGlobalSection
EndGlobal
